
Microsoft Visual Studio Solution File, Format Version 12.00
# Visual Studio Version 17
VisualStudioVersion = 17.14.36414.22 d17.14
MinimumVisualStudioVersion = 10.0.40219.1
Project("{FAE04EC0-301F-11D3-BF4B-00C04F79EFBC}") = "Assignment#01", "Assignment#01\Assignment#01.csproj", "{F95E33A6-B364-48B6-966C-5CD692BB04B3}"
EndProject
Global
	GlobalSection(SolutionConfigurationPlatforms) = preSolution
		Debug|Any CPU = Debug|Any CPU
		Release|Any CPU = Release|Any CPU
	EndGlobalSection
	GlobalSection(ProjectConfigurationPlatforms) = postSolution
		{F95E33A6-B364-48B6-966C-5CD692BB04B3}.Debug|Any CPU.ActiveCfg = Debug|Any CPU
		{F95E33A6-B364-48B6-966C-5CD692BB04B3}.Debug|Any CPU.Build.0 = Debug|Any CPU
		{F95E33A6-B364-48B6-966C-5CD692BB04B3}.Release|Any CPU.ActiveCfg = Release|Any CPU
		{F95E33A6-B364-48B6-966C-5CD692BB04B3}.Release|Any CPU.Build.0 = Release|Any CPU
	EndGlobalSection
	GlobalSection(SolutionProperties) = preSolution
		HideSolutionNode = FALSE
	EndGlobalSection
	GlobalSection(ExtensibilityGlobals) = postSolution
		SolutionGuid = {25CED660-A5BC-465A-90F4-2E8352320E85}
	EndGlobalSection
EndGlobal
